{
    "requires": true,
    "lockfileVersion": 1,
    "dependencies": {
        "@chartisan/chartisan": {
            "version": "3.2.3",
            "resolved": "https://registry.npmjs.org/@chartisan/chartisan/-/chartisan-3.2.3.tgz",
            "integrity": "sha512-bSb0pVkjpmD+7Jg0qY3c0Km2u6NWzthNspGv6K6laGIrBuL8ETuk7ba1SXzD9Kp7R89Ah85wfgElV0su5aYJiQ==",
            "requires": {
                "deepmerge": "^4.2.2"
            }
        },
        "deepmerge": {
            "version": "4.2.2",
            "resolved": "https://registry.npmjs.org/deepmerge/-/deepmerge-4.2.2.tgz",
            "integrity": "sha512-FJ3UgI4gIl+PHZm53knsuSFpE+nESMr7M4v9QcgB7S63Kj/6WqMiFQJpBBYz1Pt+66bZpP3Q7Lye0Oo9MPKEdg=="
        }
    }
}
